
Microsoft Visual Studio Solution File, Format Version 12.00
# Visual Studio Version 16
VisualStudioVersion = 16.0.32413.511
MinimumVisualStudioVersion = 10.0.40219.1
Project("{FAE04EC0-301F-11D3-BF4B-00C04F79EFBC}") = "ProjetoBanco", "ProjetoBanco\ProjetoBanco.csproj", "{61E957AF-C9CB-4E5C-8EF3-0A31E9CBA0BF}"
EndProject
Global
	GlobalSection(SolutionConfigurationPlatforms) = preSolution
		Debug|Any CPU = Debug|Any CPU
		Release|Any CPU = Release|Any CPU
	EndGlobalSection
	GlobalSection(ProjectConfigurationPlatforms) = postSolution
		{61E957AF-C9CB-4E5C-8EF3-0A31E9CBA0BF}.Debug|Any CPU.ActiveCfg = Debug|Any CPU
		{61E957AF-C9CB-4E5C-8EF3-0A31E9CBA0BF}.Debug|Any CPU.Build.0 = Debug|Any CPU
		{61E957AF-C9CB-4E5C-8EF3-0A31E9CBA0BF}.Release|Any CPU.ActiveCfg = Release|Any CPU
		{61E957AF-C9CB-4E5C-8EF3-0A31E9CBA0BF}.Release|Any CPU.Build.0 = Release|Any CPU
	EndGlobalSection
	GlobalSection(SolutionProperties) = preSolution
		HideSolutionNode = FALSE
	EndGlobalSection
	GlobalSection(ExtensibilityGlobals) = postSolution
		SolutionGuid = {60E435EB-9BCF-426C-919A-DE57E5B9AFE2}
	EndGlobalSection
EndGlobal
